// !$*UTF8*$!
{
	archiveVersion = 1;
	classes = {
	};
	objectVersion = 50;
	objects = {

/* Begin PBXBuildFile section */
		BB6E8F2924869F140051F5FE /* AppDelegate.swift in Sources */ = {isa = PBXBuildFile; fileRef = BB6E8F2824869F140051F5FE /* AppDelegate.swift */; };
		BB6E8F2B24869F140051F5FE /* MasterViewController.swift in Sources */ = {isa = PBXBuildFile; fileRef = BB6E8F2A24869F140051F5FE /* MasterViewController.swift */; };
		BB6E8F2D24869F140051F5FE /* DetailViewController.swift in Sources */ = {isa = PBXBuildFile; fileRef = BB6E8F2C24869F140051F5FE /* DetailViewController.swift */; };
		BB6E8F3024869F140051F5FE /* Main.storyboard in Resources */ = {isa = PBXBuildFile; fileRef = BB6E8F2E24869F140051F5FE /* Main.storyboard */; };
		BB6E8F3224869F160051F5FE /* Assets.xcassets in Resources */ = {isa = PBXBuildFile; fileRef = BB6E8F3124869F160051F5FE /* Assets.xcassets */; };
		BB6E8F3524869F160051F5FE /* LaunchScreen.storyboard in Resources */ = {isa = PBXBuildFile; fileRef = BB6E8F3324869F160051F5FE /* LaunchScreen.storyboard */; };
		BB6E8F3D2486AAED0051F5FE /* ApiConnector.swift in Sources */ = {isa = PBXBuildFile; fileRef = BB6E8F3C2486AAED0051F5FE /* ApiConnector.swift */; };
/* End PBXBuildFile section */

/* Begin PBXFileReference section */
		BB6E8F2524869F140051F5FE /* Master-DetailApp.app */ = {isa = PBXFileReference; explicitFileType = wrapper.application; includeInIndex = 0; path = "Master-DetailApp.app"; sourceTree = BUILT_PRODUCTS_DIR; };
		BB6E8F2824869F140051F5FE /* AppDelegate.swift */ = {isa = PBXFileReference; lastKnownFileType = sourcecode.swift; path = AppDelegate.swift; sourceTree = "<group>"; };
		BB6E8F2A24869F140051F5FE /* MasterViewController.swift */ = {isa = PBXFileReference; lastKnownFileType = sourcecode.swift; path = MasterViewController.swift; sourceTree = "<group>"; };
		BB6E8F2C24869F140051F5FE /* DetailViewController.swift */ = {isa = PBXFileReference; lastKnownFileType = sourcecode.swift; path = DetailViewController.swift; sourceTree = "<group>"; };
		BB6E8F2F24869F140051F5FE /* Base */ = {isa = PBXFileReference; lastKnownFileType = file.storyboard; name = Base; path = Base.lproj/Main.storyboard; sourceTree = "<group>"; };
		BB6E8F3124869F160051F5FE /* Assets.xcassets */ = {isa = PBXFileReference; lastKnownFileType = folder.assetcatalog; path = Assets.xcassets; sourceTree = "<group>"; };
		BB6E8F3424869F160051F5FE /* Base */ = {isa = PBXFileReference; lastKnownFileType = file.storyboard; name = Base; path = Base.lproj/LaunchScreen.storyboard; sourceTree = "<group>"; };
		BB6E8F3624869F160051F5FE /* Info.plist */ = {isa = PBXFileReference; lastKnownFileType = text.plist.xml; path = Info.plist; sourceTree = "<group>"; };
		BB6E8F3C2486AAED0051F5FE /* ApiConnector.swift */ = {isa = PBXFileReference; lastKnownFileType = sourcecode.swift; path = ApiConnector.swift; sourceTree = "<group>"; };
/* End PBXFileReference section */

/* Begin PBXFrameworksBuildPhase section */
		BB6E8F2224869F140051F5FE /* Frameworks */ = {
			isa = PBXFrameworksBuildPhase;
			buildActionMask = 2147483647;
			files = (
			);
			runOnlyForDeploymentPostprocessing = 0;
		};
/* End PBXFrameworksBuildPhase section */

/* Begin PBXGroup section */
		BB6E8F1C24869F140051F5FE = {
			isa = PBXGroup;
			children = (
				BB6E8F2724869F140051F5FE /* Master-DetailApp */,
				BB6E8F2624869F140051F5FE /* Products */,
			);
			sourceTree = "<group>";
		};
		BB6E8F2624869F140051F5FE /* Products */ = {
			isa = PBXGroup;
			children = (
				BB6E8F2524869F140051F5FE /* Master-DetailApp.app */,
			);
			name = Products;
			sourceTree = "<group>";
		};
		BB6E8F2724869F140051F5FE /* Master-DetailApp */ = {
			isa = PBXGroup;
			children = (
				BB6E8F2824869F140051F5FE /* AppDelegate.swift */,
				BB6E8F2A24869F140051F5FE /* MasterViewController.swift */,
				BB6E8F2C24869F140051F5FE /* DetailViewController.swift */,
				BB6E8F2E24869F140051F5FE /* Main.storyboard */,
				BB6E8F3124869F160051F5FE /* Assets.xcassets */,
				BB6E8F3324869F160051F5FE /* LaunchScreen.storyboard */,
				BB6E8F3624869F160051F5FE /* Info.plist */,
				BB6E8F3C2486AAED0051F5FE /* ApiConnector.swift */,
			);
			path = "Master-DetailApp";
			sourceTree = "<group>";
		};
/* End PBXGroup section */

/* Begin PBXNativeTarget section */
		BB6E8F2424869F140051F5FE /* Master-DetailApp */ = {
			isa = PBXNativeTarget;
			buildConfigurationList = BB6E8F3924869F160051F5FE /* Build configuration list for PBXNativeTarget "Master-DetailApp" */;
			buildPhases = (
				BB6E8F2124869F140051F5FE /* Sources */,
				BB6E8F2224869F140051F5FE /* Frameworks */,
				BB6E8F2324869F140051F5FE /* Resources */,
			);
			buildRules = (
			);
			dependencies = (
			);
			name = "Master-DetailApp";
			productName = "Master-DetailApp";
			productReference = BB6E8F2524869F140051F5FE /* Master-DetailApp.app */;
			productType = "com.apple.product-type.application";
		};
/* End PBXNativeTarget section */

/* Begin PBXProject section */
		BB6E8F1D24869F140051F5FE /* Project object */ = {
			isa = PBXProject;
			attributes = {
				LastSwiftUpdateCheck = 1010;
				LastUpgradeCheck = 1010;
				ORGANIZATIONNAME = "Paweł Gałka";
				TargetAttributes = {
					BB6E8F2424869F140051F5FE = {
						CreatedOnToolsVersion = 10.1;
					};
				};
			};
			buildConfigurationList = BB6E8F2024869F140051F5FE /* Build configuration list for PBXProject "Master-DetailApp" */;
			compatibilityVersion = "Xcode 9.3";
			developmentRegion = en;
			hasScannedForEncodings = 0;
			knownRegions = (
				en,
				Base,
			);
			mainGroup = BB6E8F1C24869F140051F5FE;
			productRefGroup = BB6E8F2624869F140051F5FE /* Products */;
			projectDirPath = "";
			projectRoot = "";
			targets = (
				BB6E8F2424869F140051F5FE /* Master-DetailApp */,
			);
		};
/* End PBXProject section */

/* Begin PBXResourcesBuildPhase section */
		BB6E8F2324869F140051F5FE /* Resources */ = {
			isa = PBXResourcesBuildPhase;
			buildActionMask = 2147483647;
			files = (
				BB6E8F3524869F160051F5FE /* LaunchScreen.storyboard in Resources */,
				BB6E8F3224869F160051F5FE /* Assets.xcassets in Resources */,
				BB6E8F3024869F140051F5FE /* Main.storyboard in Resources */,
			);
			runOnlyForDeploymentPostprocessing = 0;
		};
/* End PBXResourcesBuildPhase section */

/* Begin PBXSourcesBuildPhase section */
		BB6E8F2124869F140051F5FE /* Sources */ = {
			isa = PBXSourcesBuildPhase;
			buildActionMask = 2147483647;
			files = (
				BB6E8F2D24869F140051F5FE /* DetailViewController.swift in Sources */,
				BB6E8F2B24869F140051F5FE /* MasterViewController.swift in Sources */,
				BB6E8F3D2486AAED0051F5FE /* ApiConnector.swift in Sources */,
				BB6E8F2924869F140051F5FE /* AppDelegate.swift in Sources */,
			);
			runOnlyForDeploymentPostprocessing = 0;
		};
/* End PBXSourcesBuildPhase section */

/* Begin PBXVariantGroup section */
		BB6E8F2E24869F140051F5FE /* Main.storyboard */ = {
			isa = PBXVariantGroup;
			children = (
				BB6E8F2F24869F140051F5FE /* Base */,
			);
			name = Main.storyboard;
			sourceTree = "<group>";
		};
		BB6E8F3324869F160051F5FE /* LaunchScreen.storyboard */ = {
			isa = PBXVariantGroup;
			children = (
				BB6E8F3424869F160051F5FE /* Base */,
			);
			name = LaunchScreen.storyboard;
			sourceTree = "<group>";
		};
/* End PBXVariantGroup section */

/* Begin XCBuildConfiguration section */
		BB6E8F3724869F160051F5FE /* Debug */ = {
			isa = XCBuildConfiguration;
			buildSettings = {
				ALWAYS_SEARCH_USER_PATHS = NO;
				CLANG_ANALYZER_NONNULL = YES;
				CLANG_ANALYZER_NUMBER_OBJECT_CONVERSION = YES_AGGRESSIVE;
				CLANG_CXX_LANGUAGE_STANDARD = "gnu++14";
				CLANG_CXX_LIBRARY = "libc++";
				CLANG_ENABLE_MODULES = YES;
				CLANG_ENABLE_OBJC_ARC = YES;
				CLANG_ENABLE_OBJC_WEAK = YES;
				CLANG_WARN_BLOCK_CAPTURE_AUTORELEASING = YES;
				CLANG_WARN_BOOL_CONVERSION = YES;
				CLANG_WARN_COMMA = YES;
				CLANG_WARN_CONSTANT_CONVERSION = YES;
				CLANG_WARN_DEPRECATED_OBJC_IMPLEMENTATIONS = YES;
				CLANG_WARN_DIRECT_OBJC_ISA_USAGE = YES_ERROR;
				CLANG_WARN_DOCUMENTATION_COMMENTS = YES;
				CLANG_WARN_EMPTY_BODY = YES;
				CLANG_WARN_ENUM_CONVERSION = YES;
				CLANG_WARN_INFINITE_RECURSION = YES;
				CLANG_WARN_INT_CONVERSION = YES;
				CLANG_WARN_NON_LITERAL_NULL_CONVERSION = YES;
				CLANG_WARN_OBJC_IMPLICIT_RETAIN_SELF = YES;
				CLANG_WARN_OBJC_LITERAL_CONVERSION = YES;
				CLANG_WARN_OBJC_ROOT_CLASS = YES_ERROR;
				CLANG_WARN_RANGE_LOOP_ANALYSIS = YES;
				CLANG_WARN_STRICT_PROTOTYPES = YES;
				CLANG_WARN_SUSPICIOUS_MOVE = YES;
				CLANG_WARN_UNGUARDED_AVAILABILITY = YES_AGGRESSIVE;
				CLANG_WARN_UNREACHABLE_CODE = YES;
				CLANG_WARN__DUPLICATE_METHOD_MATCH = YES;
				CODE_SIGN_IDENTITY = "iPhone Developer";
				COPY_PHASE_STRIP = NO;
				DEBUG_INFORMATION_FORMAT = dwarf;
				ENABLE_STRICT_OBJC_MSGSEND = YES;
				ENABLE_TESTABILITY = YES;
				GCC_C_LANGUAGE_STANDARD = gnu11;
				GCC_DYNAMIC_NO_PIC = NO;
				GCC_NO_COMMON_BLOCKS = YES;
				GCC_OPTIMIZATION_LEVEL = 0;
				GCC_PREPROCESSOR_DEFINITIONS = (
					"DEBUG=1",
					"$(inherited)",
				);
				GCC_WARN_64_TO_32_BIT_CONVERSION = YES;
				GCC_WARN_ABOUT_RETURN_TYPE = YES_ERROR;
				GCC_WARN_UNDECLARED_SELECTOR = YES;
				GCC_WARN_UNINITIALIZED_AUTOS = YES_AGGRESSIVE;
				GCC_WARN_UNUSED_FUNCTION = YES;
				GCC_WARN_UNUSED_VARIABLE = YES;
				IPHONEOS_DEPLOYMENT_TARGET = 12.1;
				MTL_ENABLE_DEBUG_INFO = INCLUDE_SOURCE;
				MTL_FAST_MATH = YES;
				ONLY_ACTIVE_ARCH = YES;
				SDKROOT = iphoneos;
				SWIFT_ACTIVE_COMPILATION_CONDITIONS = DEBUG;
				SWIFT_OPTIMIZATION_LEVEL = "-Onone";
			};
			name = Debug;
		};
		BB6E8F3824869F160051F5FE /* Release */ = {
			isa = XCBuildConfiguration;
			buildSettings = {
				ALWAYS_SEARCH_USER_PATHS = NO;
				CLANG_ANALYZER_NONNULL = YES;
				CLANG_ANALYZER_NUMBER_OBJECT_CONVERSION = YES_AGGRESSIVE;
				CLANG_CXX_LANGUAGE_STANDARD = "gnu++14";
				CLANG_CXX_LIBRARY = "libc++";
				CLANG_ENABLE_MODULES = YES;
				CLANG_ENABLE_OBJC_ARC = YES;
				CLANG_ENABLE_OBJC_WEAK = YES;
				CLANG_WARN_BLOCK_CAPTURE_AUTORELEASING = YES;
				CLANG_WARN_BOOL_CONVERSION = YES;
				CLANG_WARN_COMMA = YES;
				CLANG_WARN_CONSTANT_CONVERSION = YES;
				CLANG_WARN_DEPRECATED_OBJC_IMPLEMENTATIONS = YES;
				CLANG_WARN_DIRECT_OBJC_ISA_USAGE = YES_ERROR;
				CLANG_WARN_DOCUMENTATION_COMMENTS = YES;
				CLANG_WARN_EMPTY_BODY = YES;
				CLANG_WARN_ENUM_CONVERSION = YES;
				CLANG_WARN_INFINITE_RECURSION = YES;
				CLANG_WARN_INT_CONVERSION = YES;
				CLANG_WARN_NON_LITERAL_NULL_CONVERSION = YES;
				CLANG_WARN_OBJC_IMPLICIT_RETAIN_SELF = YES;
				CLANG_WARN_OBJC_LITERAL_CONVERSION = YES;
				CLANG_WARN_OBJC_ROOT_CLASS = YES_ERROR;
				CLANG_WARN_RANGE_LOOP_ANALYSIS = YES;
				CLANG_WARN_STRICT_PROTOTYPES = YES;
				CLANG_WARN_SUSPICIOUS_MOVE = YES;
				CLANG_WARN_UNGUARDED_AVAILABILITY = YES_AGGRESSIVE;
				CLANG_WARN_UNREACHABLE_CODE = YES;
				CLANG_WARN__DUPLICATE_METHOD_MATCH = YES;
				CODE_SIGN_IDENTITY = "iPhone Developer";
				COPY_PHASE_STRIP = NO;
				DEBUG_INFORMATION_FORMAT = "dwarf-with-dsym";
				ENABLE_NS_ASSERTIONS = NO;
				ENABLE_STRICT_OBJC_MSGSEND = YES;
				GCC_C_LANGUAGE_STANDARD = gnu11;
				GCC_NO_COMMON_BLOCKS = YES;
				GCC_WARN_64_TO_32_BIT_CONVERSION = YES;
				GCC_WARN_ABOUT_RETURN_TYPE = YES_ERROR;
				GCC_WARN_UNDECLARED_SELECTOR = YES;
				GCC_WARN_UNINITIALIZED_AUTOS = YES_AGGRESSIVE;
				GCC_WARN_UNUSED_FUNCTION = YES;
				GCC_WARN_UNUSED_VARIABLE = YES;
				IPHONEOS_DEPLOYMENT_TARGET = 12.1;
				MTL_ENABLE_DEBUG_INFO = NO;
				MTL_FAST_MATH = YES;
				SDKROOT = iphoneos;
				SWIFT_COMPILATION_MODE = wholemodule;
				SWIFT_OPTIMIZATION_LEVEL = "-O";
				VALIDATE_PRODUCT = YES;
			};
			name = Release;
		};
		BB6E8F3A24869F160051F5FE /* Debug */ = {
			isa = XCBuildConfiguration;
			buildSettings = {
				ASSETCATALOG_COMPILER_APPICON_NAME = AppIcon;
				CODE_SIGN_STYLE = Automatic;
				INFOPLIST_FILE = "Master-DetailApp/Info.plist";
				LD_RUNPATH_SEARCH_PATHS = (
					"$(inherited)",
					"@executable_path/Frameworks",
				);
				PRODUCT_BUNDLE_IDENTIFIER = "pl.agh.kis.wtm.Master-DetailApp";
				PRODUCT_NAME = "$(TARGET_NAME)";
				SWIFT_VERSION = 4.2;
				TARGETED_DEVICE_FAMILY = "1,2";
			};
			name = Debug;
		};
		BB6E8F3B24869F160051F5FE /* Release */ = {
			isa = XCBuildConfiguration;
			buildSettings = {
				ASSETCATALOG_COMPILER_APPICON_NAME = AppIcon;
				CODE_SIGN_STYLE = Automatic;
				INFOPLIST_FILE = "Master-DetailApp/Info.plist";
				LD_RUNPATH_SEARCH_PATHS = (
					"$(inherited)",
					"@executable_path/Frameworks",
				);
				PRODUCT_BUNDLE_IDENTIFIER = "pl.agh.kis.wtm.Master-DetailApp";
				PRODUCT_NAME = "$(TARGET_NAME)";
				SWIFT_VERSION = 4.2;
				TARGETED_DEVICE_FAMILY = "1,2";
			};
			name = Release;
		};
/* End XCBuildConfiguration section */

/* Begin XCConfigurationList section */
		BB6E8F2024869F140051F5FE /* Build configuration list for PBXProject "Master-DetailApp" */ = {
			isa = XCConfigurationList;
			buildConfigurations = (
				BB6E8F3724869F160051F5FE /* Debug */,
				BB6E8F3824869F160051F5FE /* Release */,
			);
			defaultConfigurationIsVisible = 0;
			defaultConfigurationName = Release;
		};
		BB6E8F3924869F160051F5FE /* Build configuration list for PBXNativeTarget "Master-DetailApp" */ = {
			isa = XCConfigurationList;
			buildConfigurations = (
				BB6E8F3A24869F160051F5FE /* Debug */,
				BB6E8F3B24869F160051F5FE /* Release */,
			);
			defaultConfigurationIsVisible = 0;
			defaultConfigurationName = Release;
		};
/* End XCConfigurationList section */
	};
	rootObject = BB6E8F1D24869F140051F5FE /* Project object */;
}
